
Microsoft Visual Studio Solution File, Format Version 12.00
Project("{FAE04EC0-301F-11D3-BF4B-00C04F79EFBC}") = "Infrastructure", "Infrastructure\Infrastructure.csproj", "{C5E5571E-5A62-4209-9EB3-D322B7E15EBE}"
EndProject
Project("{FAE04EC0-301F-11D3-BF4B-00C04F79EFBC}") = "Domain", "Domain\Domain.csproj", "{0E5C15EB-EB33-40A0-91E2-79F11B6134E3}"
EndProject
Project("{FAE04EC0-301F-11D3-BF4B-00C04F79EFBC}") = "SkinsBetWebApp", "SkinsBetWebApp\SkinsBetWebApp.csproj", "{B5753DE3-4DAC-4141-A0FD-DD2EED199213}"
EndProject
Project("{FAE04EC0-301F-11D3-BF4B-00C04F79EFBC}") = "DbService", "DbService\DbService.csproj", "{E6094710-F8A1-42AB-A1E4-15D09EA758E5}"
EndProject
Global
	GlobalSection(SolutionConfigurationPlatforms) = preSolution
		Debug|Any CPU = Debug|Any CPU
		Release|Any CPU = Release|Any CPU
	EndGlobalSection
	GlobalSection(ProjectConfigurationPlatforms) = postSolution
		{C5E5571E-5A62-4209-9EB3-D322B7E15EBE}.Debug|Any CPU.ActiveCfg = Debug|Any CPU
		{C5E5571E-5A62-4209-9EB3-D322B7E15EBE}.Debug|Any CPU.Build.0 = Debug|Any CPU
		{C5E5571E-5A62-4209-9EB3-D322B7E15EBE}.Release|Any CPU.ActiveCfg = Release|Any CPU
		{C5E5571E-5A62-4209-9EB3-D322B7E15EBE}.Release|Any CPU.Build.0 = Release|Any CPU
		{0E5C15EB-EB33-40A0-91E2-79F11B6134E3}.Debug|Any CPU.ActiveCfg = Debug|Any CPU
		{0E5C15EB-EB33-40A0-91E2-79F11B6134E3}.Debug|Any CPU.Build.0 = Debug|Any CPU
		{0E5C15EB-EB33-40A0-91E2-79F11B6134E3}.Release|Any CPU.ActiveCfg = Release|Any CPU
		{0E5C15EB-EB33-40A0-91E2-79F11B6134E3}.Release|Any CPU.Build.0 = Release|Any CPU
		{B5753DE3-4DAC-4141-A0FD-DD2EED199213}.Debug|Any CPU.ActiveCfg = Debug|Any CPU
		{B5753DE3-4DAC-4141-A0FD-DD2EED199213}.Debug|Any CPU.Build.0 = Debug|Any CPU
		{B5753DE3-4DAC-4141-A0FD-DD2EED199213}.Release|Any CPU.ActiveCfg = Release|Any CPU
		{B5753DE3-4DAC-4141-A0FD-DD2EED199213}.Release|Any CPU.Build.0 = Release|Any CPU
		{E6094710-F8A1-42AB-A1E4-15D09EA758E5}.Debug|Any CPU.ActiveCfg = Debug|Any CPU
		{E6094710-F8A1-42AB-A1E4-15D09EA758E5}.Debug|Any CPU.Build.0 = Debug|Any CPU
		{E6094710-F8A1-42AB-A1E4-15D09EA758E5}.Release|Any CPU.ActiveCfg = Release|Any CPU
		{E6094710-F8A1-42AB-A1E4-15D09EA758E5}.Release|Any CPU.Build.0 = Release|Any CPU
	EndGlobalSection
EndGlobal
